// !$*UTF8*$!
{
	archiveVersion = 1;
	classes = {
	};
	objectVersion = 77;
	objects = {

/* Begin PBXContainerItemProxy section */
		AB54A7BF2F8D9B320045CEA0 /* PBXContainerItemProxy */ = {
			isa = PBXContainerItemProxy;
			containerPortal = AB54A7A92F8D9B310045CEA0 /* Project object */;
			proxyType = 1;
			remoteGlobalIDString = AB54A7B02F8D9B310045CEA0;
			remoteInfo = yapa;
		};
		AB54A7C92F8D9B320045CEA0 /* PBXContainerItemProxy */ = {
			isa = PBXContainerItemProxy;
			containerPortal = AB54A7A92F8D9B310045CEA0 /* Project object */;
			proxyType = 1;
			remoteGlobalIDString = AB54A7B02F8D9B310045CEA0;
			remoteInfo = yapa;
		};
/* End PBXContainerItemProxy section */

/* Begin PBXFileReference section */
		AB54A7B12F8D9B310045CEA0 /* yapa.app */ = {isa = PBXFileReference; explicitFileType = wrapper.application; includeInIndex = 0; path = yapa.app; sourceTree = BUILT_PRODUCTS_DIR; };
		AB54A7BE2F8D9B320045CEA0 /* yapaTests.xctest */ = {isa = PBXFileReference; explicitFileType = wrapper.cfbundle; includeInIndex = 0; path = yapaTests.xctest; sourceTree = BUILT_PRODUCTS_DIR; };
		AB54A7C82F8D9B320045CEA0 /* yapaUITests.xctest */ = {isa = PBXFileReference; explicitFileType = wrapper.cfbundle; includeInIndex = 0; path = yapaUITests.xctest; sourceTree = BUILT_PRODUCTS_DIR; };
/* End PBXFileReference section */

/* Begin PBXFileSystemSynchronizedRootGroup section */
		AB54A7B32F8D9B310045CEA0 /* yapa */ = {
			isa = PBXFileSystemSynchronizedRootGroup;
			path = yapa;
			sourceTree = "<group>";
		};
		AB54A7C12F8D9B320045CEA0 /* yapaTests */ = {
			isa = PBXFileSystemSynchronizedRootGroup;
			path = yapaTests;
			sourceTree = "<group>";
		};
		AB54A7CB2F8D9B320045CEA0 /* yapaUITests */ = {
			isa = PBXFileSystemSynchronizedRootGroup;
			path = yapaUITests;
			sourceTree = "<group>";
		};
/* End PBXFileSystemSynchronizedRootGroup section */

/* Begin PBXFrameworksBuildPhase section */
		AB54A7AE2F8D9B310045CEA0 /* Frameworks */ = {
			isa = PBXFrameworksBuildPhase;
			buildActionMask = 2147483647;
			files = (
			);
			runOnlyForDeploymentPostprocessing = 0;
		};
		AB54A7BB2F8D9B320045CEA0 /* Frameworks */ = {
			isa = PBXFrameworksBuildPhase;
			buildActionMask = 2147483647;
			files = (
			);
			runOnlyForDeploymentPostprocessing = 0;
		};
		AB54A7C52F8D9B320045CEA0 /* Frameworks */ = {
			isa = PBXFrameworksBuildPhase;
			buildActionMask = 2147483647;
			files = (
			);
			runOnlyForDeploymentPostprocessing = 0;
		};
/* End PBXFrameworksBuildPhase section */

/* Begin PBXGroup section */
		AB54A7A82F8D9B310045CEA0 = {
			isa = PBXGroup;
			children = (
				AB54A7B32F8D9B310045CEA0 /* yapa */,
				AB54A7C12F8D9B320045CEA0 /* yapaTests */,
				AB54A7CB2F8D9B320045CEA0 /* yapaUITests */,
				AB54A7B22F8D9B310045CEA0 /* Products */,
			);
			sourceTree = "<group>";
		};
		AB54A7B22F8D9B310045CEA0 /* Products */ = {
			isa = PBXGroup;
			children = (
				AB54A7B12F8D9B310045CEA0 /* yapa.app */,
				AB54A7BE2F8D9B320045CEA0 /* yapaTests.xctest */,
				AB54A7C82F8D9B320045CEA0 /* yapaUITests.xctest */,
			);
			name = Products;
			sourceTree = "<group>";
		};
/* End PBXGroup section */

/* Begin PBXNativeTarget section */
		AB54A7B02F8D9B310045CEA0 /* yapa */ = {
			isa = PBXNativeTarget;
			buildConfigurationList = AB54A7D22F8D9B320045CEA0 /* Build configuration list for PBXNativeTarget "yapa" */;
			buildPhases = (
				AB54A7AD2F8D9B310045CEA0 /* Sources */,
				AB54A7AE2F8D9B310045CEA0 /* Frameworks */,
				AB54A7AF2F8D9B310045CEA0 /* Resources */,
			);
			buildRules = (
			);
			dependencies = (
			);
			fileSystemSynchronizedGroups = (
				AB54A7B32F8D9B310045CEA0 /* yapa */,
			);
			name = yapa;
			packageProductDependencies = (
			);
			productName = yapa;
			productReference = AB54A7B12F8D9B310045CEA0 /* yapa.app */;
			productType = "com.apple.product-type.application";
		};
		AB54A7BD2F8D9B320045CEA0 /* yapaTests */ = {
			isa = PBXNativeTarget;
			buildConfigurationList = AB54A7D52F8D9B320045CEA0 /* Build configuration list for PBXNativeTarget "yapaTests" */;
			buildPhases = (
				AB54A7BA2F8D9B320045CEA0 /* Sources */,
				AB54A7BB2F8D9B320045CEA0 /* Frameworks */,
				AB54A7BC2F8D9B320045CEA0 /* Resources */,
			);
			buildRules = (
			);
			dependencies = (
				AB54A7C02F8D9B320045CEA0 /* PBXTargetDependency */,
			);
			fileSystemSynchronizedGroups = (
				AB54A7C12F8D9B320045CEA0 /* yapaTests */,
			);
			name = yapaTests;
			packageProductDependencies = (
			);
			productName = yapaTests;
			productReference = AB54A7BE2F8D9B320045CEA0 /* yapaTests.xctest */;
			productType = "com.apple.product-type.bundle.unit-test";
		};
		AB54A7C72F8D9B320045CEA0 /* yapaUITests */ = {
			isa = PBXNativeTarget;
			buildConfigurationList = AB54A7D82F8D9B320045CEA0 /* Build configuration list for PBXNativeTarget "yapaUITests" */;
			buildPhases = (
				AB54A7C42F8D9B320045CEA0 /* Sources */,
				AB54A7C52F8D9B320045CEA0 /* Frameworks */,
				AB54A7C62F8D9B320045CEA0 /* Resources */,
			);
			buildRules = (
			);
			dependencies = (
				AB54A7CA2F8D9B320045CEA0 /* PBXTargetDependency */,
			);
			fileSystemSynchronizedGroups = (
				AB54A7CB2F8D9B320045CEA0 /* yapaUITests */,
			);
			name = yapaUITests;
			packageProductDependencies = (
			);
			productName = yapaUITests;
			productReference = AB54A7C82F8D9B320045CEA0 /* yapaUITests.xctest */;
			productType = "com.apple.product-type.bundle.ui-testing";
		};
/* End PBXNativeTarget section */

/* Begin PBXProject section */
		AB54A7A92F8D9B310045CEA0 /* Project object */ = {
			isa = PBXProject;
			attributes = {
				BuildIndependentTargetsInParallel = 1;
				LastSwiftUpdateCheck = 1640;
				LastUpgradeCheck = 1640;
				TargetAttributes = {
					AB54A7B02F8D9B310045CEA0 = {
						CreatedOnToolsVersion = 16.4;
					};
					AB54A7BD2F8D9B320045CEA0 = {
						CreatedOnToolsVersion = 16.4;
						TestTargetID = AB54A7B02F8D9B310045CEA0;
					};
					AB54A7C72F8D9B320045CEA0 = {
						CreatedOnToolsVersion = 16.4;
						TestTargetID = AB54A7B02F8D9B310045CEA0;
					};
				};
			};
			buildConfigurationList = AB54A7AC2F8D9B310045CEA0 /* Build configuration list for PBXProject "yapa" */;
			developmentRegion = en;
			hasScannedForEncodings = 0;
			knownRegions = (
				en,
				Base,
			);
			mainGroup = AB54A7A82F8D9B310045CEA0;
			minimizedProjectReferenceProxies = 1;
			preferredProjectObjectVersion = 77;
			productRefGroup = AB54A7B22F8D9B310045CEA0 /* Products */;
			projectDirPath = "";
			projectRoot = "";
			targets = (
				AB54A7B02F8D9B310045CEA0 /* yapa */,
				AB54A7BD2F8D9B320045CEA0 /* yapaTests */,
				AB54A7C72F8D9B320045CEA0 /* yapaUITests */,
			);
		};
/* End PBXProject section */

/* Begin PBXResourcesBuildPhase section */
		AB54A7AF2F8D9B310045CEA0 /* Resources */ = {
			isa = PBXResourcesBuildPhase;
			buildActionMask = 2147483647;
			files = (
			);
			runOnlyForDeploymentPostprocessing = 0;
		};
		AB54A7BC2F8D9B320045CEA0 /* Resources */ = {
			isa = PBXResourcesBuildPhase;
			buildActionMask = 2147483647;
			files = (
			);
			runOnlyForDeploymentPostprocessing = 0;
		};
		AB54A7C62F8D9B320045CEA0 /* Resources */ = {
			isa = PBXResourcesBuildPhase;
			buildActionMask = 2147483647;
			files = (
			);
			runOnlyForDeploymentPostprocessing = 0;
		};
/* End PBXResourcesBuildPhase section */

/* Begin PBXSourcesBuildPhase section */
		AB54A7AD2F8D9B310045CEA0 /* Sources */ = {
			isa = PBXSourcesBuildPhase;
			buildActionMask = 2147483647;
			files = (
			);
			runOnlyForDeploymentPostprocessing = 0;
		};
		AB54A7BA2F8D9B320045CEA0 /* Sources */ = {
			isa = PBXSourcesBuildPhase;
			buildActionMask = 2147483647;
			files = (
			);
			runOnlyForDeploymentPostprocessing = 0;
		};
		AB54A7C42F8D9B320045CEA0 /* Sources */ = {
			isa = PBXSourcesBuildPhase;
			buildActionMask = 2147483647;
			files = (
			);
			runOnlyForDeploymentPostprocessing = 0;
		};
/* End PBXSourcesBuildPhase section */

/* Begin PBXTargetDependency section */
		AB54A7C02F8D9B320045CEA0 /* PBXTargetDependency */ = {
			isa = PBXTargetDependency;
			target = AB54A7B02F8D9B310045CEA0 /* yapa */;
			targetProxy = AB54A7BF2F8D9B320045CEA0 /* PBXContainerItemProxy */;
		};
		AB54A7CA2F8D9B320045CEA0 /* PBXTargetDependency */ = {
			isa = PBXTargetDependency;
			target = AB54A7B02F8D9B310045CEA0 /* yapa */;
			targetProxy = AB54A7C92F8D9B320045CEA0 /* PBXContainerItemProxy */;
		};
/* End PBXTargetDependency section */

/* Begin XCBuildConfiguration section */
		AB54A7D02F8D9B320045CEA0 /* Debug */ = {
			isa = XCBuildConfiguration;
			buildSettings = {
				ALWAYS_SEARCH_USER_PATHS = NO;
				ASSETCATALOG_COMPILER_GENERATE_SWIFT_ASSET_SYMBOL_EXTENSIONS = YES;
				CLANG_ANALYZER_NONNULL = YES;
				CLANG_ANALYZER_NUMBER_OBJECT_CONVERSION = YES_AGGRESSIVE;
				CLANG_CXX_LANGUAGE_STANDARD = "gnu++20";
				CLANG_ENABLE_MODULES = YES;
				CLANG_ENABLE_OBJC_ARC = YES;
				CLANG_ENABLE_OBJC_WEAK = YES;
				CLANG_WARN_BLOCK_CAPTURE_AUTORELEASING = YES;
				CLANG_WARN_BOOL_CONVERSION = YES;
				CLANG_WARN_COMMA = YES;
				CLANG_WARN_CONSTANT_CONVERSION = YES;
				CLANG_WARN_DEPRECATED_OBJC_IMPLEMENTATIONS = YES;
				CLANG_WARN_DIRECT_OBJC_ISA_USAGE = YES_ERROR;
				CLANG_WARN_DOCUMENTATION_COMMENTS = YES;
				CLANG_WARN_EMPTY_BODY = YES;
				CLANG_WARN_ENUM_CONVERSION = YES;
				CLANG_WARN_INFINITE_RECURSION = YES;
				CLANG_WARN_INT_CONVERSION = YES;
				CLANG_WARN_NON_LITERAL_NULL_CONVERSION = YES;
				CLANG_WARN_OBJC_IMPLICIT_RETAIN_SELF = YES;
				CLANG_WARN_OBJC_LITERAL_CONVERSION = YES;
				CLANG_WARN_OBJC_ROOT_CLASS = YES_ERROR;
				CLANG_WARN_QUOTED_INCLUDE_IN_FRAMEWORK_HEADER = YES;
				CLANG_WARN_RANGE_LOOP_ANALYSIS = YES;
				CLANG_WARN_STRICT_PROTOTYPES = YES;
				CLANG_WARN_SUSPICIOUS_MOVE = YES;
				CLANG_WARN_UNGUARDED_AVAILABILITY = YES_AGGRESSIVE;
				CLANG_WARN_UNREACHABLE_CODE = YES;
				CLANG_WARN__DUPLICATE_METHOD_MATCH = YES;
				COPY_PHASE_STRIP = NO;
				DEBUG_INFORMATION_FORMAT = dwarf;
				DEVELOPMENT_TEAM = 5A8F5F6S9B;
				ENABLE_STRICT_OBJC_MSGSEND = YES;
				ENABLE_TESTABILITY = YES;
				ENABLE_USER_SCRIPT_SANDBOXING = YES;
				GCC_C_LANGUAGE_STANDARD = gnu17;
				GCC_DYNAMIC_NO_PIC = NO;
				GCC_NO_COMMON_BLOCKS = YES;
				GCC_OPTIMIZATION_LEVEL = 0;
				GCC_PREPROCESSOR_DEFINITIONS = (
					"DEBUG=1",
					"$(inherited)",
				);
				GCC_WARN_64_TO_32_BIT_CONVERSION = YES;
				GCC_WARN_ABOUT_RETURN_TYPE = YES_ERROR;
				GCC_WARN_UNDECLARED_SELECTOR = YES;
				GCC_WARN_UNINITIALIZED_AUTOS = YES_AGGRESSIVE;
				GCC_WARN_UNUSED_FUNCTION = YES;
				GCC_WARN_UNUSED_VARIABLE = YES;
				IPHONEOS_DEPLOYMENT_TARGET = 18.5;
				LOCALIZATION_PREFERS_STRING_CATALOGS = YES;
				MTL_ENABLE_DEBUG_INFO = INCLUDE_SOURCE;
				MTL_FAST_MATH = YES;
				ONLY_ACTIVE_ARCH = YES;
				SDKROOT = iphoneos;
				SWIFT_ACTIVE_COMPILATION_CONDITIONS = "DEBUG $(inherited)";
				SWIFT_OPTIMIZATION_LEVEL = "-Onone";
			};
			name = Debug;
		};
		AB54A7D12F8D9B320045CEA0 /* Release */ = {
			isa = XCBuildConfiguration;
			buildSettings = {
				ALWAYS_SEARCH_USER_PATHS = NO;
				ASSETCATALOG_COMPILER_GENERATE_SWIFT_ASSET_SYMBOL_EXTENSIONS = YES;
				CLANG_ANALYZER_NONNULL = YES;
				CLANG_ANALYZER_NUMBER_OBJECT_CONVERSION = YES_AGGRESSIVE;
				CLANG_CXX_LANGUAGE_STANDARD = "gnu++20";
				CLANG_ENABLE_MODULES = YES;
				CLANG_ENABLE_OBJC_ARC = YES;
				CLANG_ENABLE_OBJC_WEAK = YES;
				CLANG_WARN_BLOCK_CAPTURE_AUTORELEASING = YES;
				CLANG_WARN_BOOL_CONVERSION = YES;
				CLANG_WARN_COMMA = YES;
				CLANG_WARN_CONSTANT_CONVERSION = YES;
				CLANG_WARN_DEPRECATED_OBJC_IMPLEMENTATIONS = YES;
				CLANG_WARN_DIRECT_OBJC_ISA_USAGE = YES_ERROR;
				CLANG_WARN_DOCUMENTATION_COMMENTS = YES;
				CLANG_WARN_EMPTY_BODY = YES;
				CLANG_WARN_ENUM_CONVERSION = YES;
				CLANG_WARN_INFINITE_RECURSION = YES;
				CLANG_WARN_INT_CONVERSION = YES;
				CLANG_WARN_NON_LITERAL_NULL_CONVERSION = YES;
				CLANG_WARN_OBJC_IMPLICIT_RETAIN_SELF = YES;
				CLANG_WARN_OBJC_LITERAL_CONVERSION = YES;
				CLANG_WARN_OBJC_ROOT_CLASS = YES_ERROR;
				CLANG_WARN_QUOTED_INCLUDE_IN_FRAMEWORK_HEADER = YES;
				CLANG_WARN_RANGE_LOOP_ANALYSIS = YES;
				CLANG_WARN_STRICT_PROTOTYPES = YES;
				CLANG_WARN_SUSPICIOUS_MOVE = YES;
				CLANG_WARN_UNGUARDED_AVAILABILITY = YES_AGGRESSIVE;
				CLANG_WARN_UNREACHABLE_CODE = YES;
				CLANG_WARN__DUPLICATE_METHOD_MATCH = YES;
				COPY_PHASE_STRIP = NO;
				DEBUG_INFORMATION_FORMAT = "dwarf-with-dsym";
				DEVELOPMENT_TEAM = 5A8F5F6S9B;
				ENABLE_NS_ASSERTIONS = NO;
				ENABLE_STRICT_OBJC_MSGSEND = YES;
				ENABLE_USER_SCRIPT_SANDBOXING = YES;
				GCC_C_LANGUAGE_STANDARD = gnu17;
				GCC_NO_COMMON_BLOCKS = YES;
				GCC_WARN_64_TO_32_BIT_CONVERSION = YES;
				GCC_WARN_ABOUT_RETURN_TYPE = YES_ERROR;
				GCC_WARN_UNDECLARED_SELECTOR = YES;
				GCC_WARN_UNINITIALIZED_AUTOS = YES_AGGRESSIVE;
				GCC_WARN_UNUSED_FUNCTION = YES;
				GCC_WARN_UNUSED_VARIABLE = YES;
				IPHONEOS_DEPLOYMENT_TARGET = 18.5;
				LOCALIZATION_PREFERS_STRING_CATALOGS = YES;
				MTL_ENABLE_DEBUG_INFO = NO;
				MTL_FAST_MATH = YES;
				SDKROOT = iphoneos;
				SWIFT_COMPILATION_MODE = wholemodule;
				VALIDATE_PRODUCT = YES;
			};
			name = Release;
		};
		AB54A7D32F8D9B320045CEA0 /* Debug */ = {
			isa = XCBuildConfiguration;
			buildSettings = {
				ASSETCATALOG_COMPILER_APPICON_NAME = AppIcon;
				ASSETCATALOG_COMPILER_GLOBAL_ACCENT_COLOR_NAME = AccentColor;
				CODE_SIGN_STYLE = Automatic;
				CURRENT_PROJECT_VERSION = 1;
				DEVELOPMENT_TEAM = 5A8F5F6S9B;
				ENABLE_PREVIEWS = YES;
				GENERATE_INFOPLIST_FILE = YES;
				INFOPLIST_KEY_UIApplicationSceneManifest_Generation = YES;
				INFOPLIST_KEY_UIApplicationSupportsIndirectInputEvents = YES;
				INFOPLIST_KEY_UILaunchScreen_Generation = YES;
				INFOPLIST_KEY_UISupportedInterfaceOrientations_iPad = "UIInterfaceOrientationPortrait UIInterfaceOrientationPortraitUpsideDown UIInterfaceOrientationLandscapeLeft UIInterfaceOrientationLandscapeRight";
				INFOPLIST_KEY_UISupportedInterfaceOrientations_iPhone = "UIInterfaceOrientationPortrait UIInterfaceOrientationLandscapeLeft UIInterfaceOrientationLandscapeRight";
				LD_RUNPATH_SEARCH_PATHS = (
					"$(inherited)",
					"@executable_path/Frameworks",
				);
				MARKETING_VERSION = 1.0;
				PRODUCT_BUNDLE_IDENTIFIER = me.davidumoru.yapa;
				PRODUCT_NAME = "$(TARGET_NAME)";
				SWIFT_EMIT_LOC_STRINGS = YES;
				SWIFT_VERSION = 5.0;
				TARGETED_DEVICE_FAMILY = "1,2";
			};
			name = Debug;
		};
		AB54A7D42F8D9B320045CEA0 /* Release */ = {
			isa = XCBuildConfiguration;
			buildSettings = {
				ASSETCATALOG_COMPILER_APPICON_NAME = AppIcon;
				ASSETCATALOG_COMPILER_GLOBAL_ACCENT_COLOR_NAME = AccentColor;
				CODE_SIGN_STYLE = Automatic;
				CURRENT_PROJECT_VERSION = 1;
				DEVELOPMENT_TEAM = 5A8F5F6S9B;
				ENABLE_PREVIEWS = YES;
				GENERATE_INFOPLIST_FILE = YES;
				INFOPLIST_KEY_UIApplicationSceneManifest_Generation = YES;
				INFOPLIST_KEY_UIApplicationSupportsIndirectInputEvents = YES;
				INFOPLIST_KEY_UILaunchScreen_Generation = YES;
				INFOPLIST_KEY_UISupportedInterfaceOrientations_iPad = "UIInterfaceOrientationPortrait UIInterfaceOrientationPortraitUpsideDown UIInterfaceOrientationLandscapeLeft UIInterfaceOrientationLandscapeRight";
				INFOPLIST_KEY_UISupportedInterfaceOrientations_iPhone = "UIInterfaceOrientationPortrait UIInterfaceOrientationLandscapeLeft UIInterfaceOrientationLandscapeRight";
				LD_RUNPATH_SEARCH_PATHS = (
					"$(inherited)",
					"@executable_path/Frameworks",
				);
				MARKETING_VERSION = 1.0;
				PRODUCT_BUNDLE_IDENTIFIER = me.davidumoru.yapa;
				PRODUCT_NAME = "$(TARGET_NAME)";
				SWIFT_EMIT_LOC_STRINGS = YES;
				SWIFT_VERSION = 5.0;
				TARGETED_DEVICE_FAMILY = "1,2";
			};
			name = Release;
		};
		AB54A7D62F8D9B320045CEA0 /* Debug */ = {
			isa = XCBuildConfiguration;
			buildSettings = {
				BUNDLE_LOADER = "$(TEST_HOST)";
				CODE_SIGN_STYLE = Automatic;
				CURRENT_PROJECT_VERSION = 1;
				DEVELOPMENT_TEAM = 5A8F5F6S9B;
				GENERATE_INFOPLIST_FILE = YES;
				IPHONEOS_DEPLOYMENT_TARGET = 18.5;
				MARKETING_VERSION = 1.0;
				PRODUCT_BUNDLE_IDENTIFIER = me.davidumoru.yapaTests;
				PRODUCT_NAME = "$(TARGET_NAME)";
				SWIFT_EMIT_LOC_STRINGS = NO;
				SWIFT_VERSION = 5.0;
				TARGETED_DEVICE_FAMILY = "1,2";
				TEST_HOST = "$(BUILT_PRODUCTS_DIR)/yapa.app/$(BUNDLE_EXECUTABLE_FOLDER_PATH)/yapa";
			};
			name = Debug;
		};
		AB54A7D72F8D9B320045CEA0 /* Release */ = {
			isa = XCBuildConfiguration;
			buildSettings = {
				BUNDLE_LOADER = "$(TEST_HOST)";
				CODE_SIGN_STYLE = Automatic;
				CURRENT_PROJECT_VERSION = 1;
				DEVELOPMENT_TEAM = 5A8F5F6S9B;
				GENERATE_INFOPLIST_FILE = YES;
				IPHONEOS_DEPLOYMENT_TARGET = 18.5;
				MARKETING_VERSION = 1.0;
				PRODUCT_BUNDLE_IDENTIFIER = me.davidumoru.yapaTests;
				PRODUCT_NAME = "$(TARGET_NAME)";
				SWIFT_EMIT_LOC_STRINGS = NO;
				SWIFT_VERSION = 5.0;
				TARGETED_DEVICE_FAMILY = "1,2";
				TEST_HOST = "$(BUILT_PRODUCTS_DIR)/yapa.app/$(BUNDLE_EXECUTABLE_FOLDER_PATH)/yapa";
			};
			name = Release;
		};
		AB54A7D92F8D9B320045CEA0 /* Debug */ = {
			isa = XCBuildConfiguration;
			buildSettings = {
				CODE_SIGN_STYLE = Automatic;
				CURRENT_PROJECT_VERSION = 1;
				DEVELOPMENT_TEAM = 5A8F5F6S9B;
				GENERATE_INFOPLIST_FILE = YES;
				MARKETING_VERSION = 1.0;
				PRODUCT_BUNDLE_IDENTIFIER = me.davidumoru.yapaUITests;
				PRODUCT_NAME = "$(TARGET_NAME)";
				SWIFT_EMIT_LOC_STRINGS = NO;
				SWIFT_VERSION = 5.0;
				TARGETED_DEVICE_FAMILY = "1,2";
				TEST_TARGET_NAME = yapa;
			};
			name = Debug;
		};
		AB54A7DA2F8D9B320045CEA0 /* Release */ = {
			isa = XCBuildConfiguration;
			buildSettings = {
				CODE_SIGN_STYLE = Automatic;
				CURRENT_PROJECT_VERSION = 1;
				DEVELOPMENT_TEAM = 5A8F5F6S9B;
				GENERATE_INFOPLIST_FILE = YES;
				MARKETING_VERSION = 1.0;
				PRODUCT_BUNDLE_IDENTIFIER = me.davidumoru.yapaUITests;
				PRODUCT_NAME = "$(TARGET_NAME)";
				SWIFT_EMIT_LOC_STRINGS = NO;
				SWIFT_VERSION = 5.0;
				TARGETED_DEVICE_FAMILY = "1,2";
				TEST_TARGET_NAME = yapa;
			};
			name = Release;
		};
/* End XCBuildConfiguration section */

/* Begin XCConfigurationList section */
		AB54A7AC2F8D9B310045CEA0 /* Build configuration list for PBXProject "yapa" */ = {
			isa = XCConfigurationList;
			buildConfigurations = (
				AB54A7D02F8D9B320045CEA0 /* Debug */,
				AB54A7D12F8D9B320045CEA0 /* Release */,
			);
			defaultConfigurationIsVisible = 0;
			defaultConfigurationName = Release;
		};
		AB54A7D22F8D9B320045CEA0 /* Build configuration list for PBXNativeTarget "yapa" */ = {
			isa = XCConfigurationList;
			buildConfigurations = (
				AB54A7D32F8D9B320045CEA0 /* Debug */,
				AB54A7D42F8D9B320045CEA0 /* Release */,
			);
			defaultConfigurationIsVisible = 0;
			defaultConfigurationName = Release;
		};
		AB54A7D52F8D9B320045CEA0 /* Build configuration list for PBXNativeTarget "yapaTests" */ = {
			isa = XCConfigurationList;
			buildConfigurations = (
				AB54A7D62F8D9B320045CEA0 /* Debug */,
				AB54A7D72F8D9B320045CEA0 /* Release */,
			);
			defaultConfigurationIsVisible = 0;
			defaultConfigurationName = Release;
		};
		AB54A7D82F8D9B320045CEA0 /* Build configuration list for PBXNativeTarget "yapaUITests" */ = {
			isa = XCConfigurationList;
			buildConfigurations = (
				AB54A7D92F8D9B320045CEA0 /* Debug */,
				AB54A7DA2F8D9B320045CEA0 /* Release */,
			);
			defaultConfigurationIsVisible = 0;
			defaultConfigurationName = Release;
		};
/* End XCConfigurationList section */
	};
	rootObject = AB54A7A92F8D9B310045CEA0 /* Project object */;
}
